
Microsoft Visual Studio Solution File, Format Version 12.00
# Visual Studio Version 17
VisualStudioVersion = 17.11.35219.272
MinimumVisualStudioVersion = 10.0.40219.1
Project("{9A19103F-16F7-4668-BE54-9A1E7A4F7556}") = "TrilhaApiDesafio", "TrilhaApiDesafio.csproj", "{683FECC1-7CA8-4F57-9F7C-96B0A9315C53}"
EndProject
Global
	GlobalSection(SolutionConfigurationPlatforms) = preSolution
		Debug|Any CPU = Debug|Any CPU
		Release|Any CPU = Release|Any CPU
	EndGlobalSection
	GlobalSection(ProjectConfigurationPlatforms) = postSolution
		{683FECC1-7CA8-4F57-9F7C-96B0A9315C53}.Debug|Any CPU.ActiveCfg = Debug|Any CPU
		{683FECC1-7CA8-4F57-9F7C-96B0A9315C53}.Debug|Any CPU.Build.0 = Debug|Any CPU
		{683FECC1-7CA8-4F57-9F7C-96B0A9315C53}.Release|Any CPU.ActiveCfg = Release|Any CPU
		{683FECC1-7CA8-4F57-9F7C-96B0A9315C53}.Release|Any CPU.Build.0 = Release|Any CPU
	EndGlobalSection
	GlobalSection(SolutionProperties) = preSolution
		HideSolutionNode = FALSE
	EndGlobalSection
	GlobalSection(ExtensibilityGlobals) = postSolution
		SolutionGuid = {CF3A0497-5916-456C-837D-E87579E1A9B6}
	EndGlobalSection
EndGlobal
